
Microsoft Visual Studio Solution File, Format Version 12.00
# Visual Studio Version 17
VisualStudioVersion = 17.4.33110.190
MinimumVisualStudioVersion = 10.0.40219.1
Project("{FAE04EC0-301F-11D3-BF4B-00C04F79EFBC}") = "HOLDay6", "HOLDay6\HOLDay6.csproj", "{1AE0D86A-4DA4-42AC-B999-B840176F9D69}"
EndProject
Global
	GlobalSection(SolutionConfigurationPlatforms) = preSolution
		Debug|Any CPU = Debug|Any CPU
		Release|Any CPU = Release|Any CPU
	EndGlobalSection
	GlobalSection(ProjectConfigurationPlatforms) = postSolution
		{1AE0D86A-4DA4-42AC-B999-B840176F9D69}.Debug|Any CPU.ActiveCfg = Debug|Any CPU
		{1AE0D86A-4DA4-42AC-B999-B840176F9D69}.Debug|Any CPU.Build.0 = Debug|Any CPU
		{1AE0D86A-4DA4-42AC-B999-B840176F9D69}.Release|Any CPU.ActiveCfg = Release|Any CPU
		{1AE0D86A-4DA4-42AC-B999-B840176F9D69}.Release|Any CPU.Build.0 = Release|Any CPU
	EndGlobalSection
	GlobalSection(SolutionProperties) = preSolution
		HideSolutionNode = FALSE
	EndGlobalSection
	GlobalSection(ExtensibilityGlobals) = postSolution
		SolutionGuid = {7B064FF4-3C29-4A2A-BD5D-6CD51C067F92}
	EndGlobalSection
EndGlobal
